
Microsoft Visual Studio Solution File, Format Version 12.00
# Visual Studio Version 16
VisualStudioVersion = 16.0.32126.315
MinimumVisualStudioVersion = 10.0.40219.1
Project("{FAE04EC0-301F-11D3-BF4B-00C04F79EFBC}") = "Rmm.Domain.Core", "Rmm.Domain.Core\Rmm.Domain.Core.csproj", "{88C0C6EF-7D22-4B23-8247-A75BA276A149}"
EndProject
Project("{FAE04EC0-301F-11D3-BF4B-00C04F79EFBC}") = "Rmm.Domain.DAL", "Rmm.Domain.DAL\Rmm.Domain.DAL.csproj", "{FC6BC278-47D6-4817-A7FF-D1E28A674087}"
EndProject
Project("{FAE04EC0-301F-11D3-BF4B-00C04F79EFBC}") = "Rmm.Domain.Tests", "Rmm.Domain.Tests\Rmm.Domain.Tests.csproj", "{31CEBA16-9197-4FBB-BC59-EFEC2E5AA8AD}"
EndProject
Global
	GlobalSection(SolutionConfigurationPlatforms) = preSolution
		Debug|Any CPU = Debug|Any CPU
		Release|Any CPU = Release|Any CPU
	EndGlobalSection
	GlobalSection(ProjectConfigurationPlatforms) = postSolution
		{88C0C6EF-7D22-4B23-8247-A75BA276A149}.Debug|Any CPU.ActiveCfg = Debug|Any CPU
		{88C0C6EF-7D22-4B23-8247-A75BA276A149}.Debug|Any CPU.Build.0 = Debug|Any CPU
		{88C0C6EF-7D22-4B23-8247-A75BA276A149}.Release|Any CPU.ActiveCfg = Release|Any CPU
		{88C0C6EF-7D22-4B23-8247-A75BA276A149}.Release|Any CPU.Build.0 = Release|Any CPU
		{FC6BC278-47D6-4817-A7FF-D1E28A674087}.Debug|Any CPU.ActiveCfg = Debug|Any CPU
		{FC6BC278-47D6-4817-A7FF-D1E28A674087}.Debug|Any CPU.Build.0 = Debug|Any CPU
		{FC6BC278-47D6-4817-A7FF-D1E28A674087}.Release|Any CPU.ActiveCfg = Release|Any CPU
		{FC6BC278-47D6-4817-A7FF-D1E28A674087}.Release|Any CPU.Build.0 = Release|Any CPU
		{31CEBA16-9197-4FBB-BC59-EFEC2E5AA8AD}.Debug|Any CPU.ActiveCfg = Debug|Any CPU
		{31CEBA16-9197-4FBB-BC59-EFEC2E5AA8AD}.Debug|Any CPU.Build.0 = Debug|Any CPU
		{31CEBA16-9197-4FBB-BC59-EFEC2E5AA8AD}.Release|Any CPU.ActiveCfg = Release|Any CPU
		{31CEBA16-9197-4FBB-BC59-EFEC2E5AA8AD}.Release|Any CPU.Build.0 = Release|Any CPU
	EndGlobalSection
	GlobalSection(SolutionProperties) = preSolution
		HideSolutionNode = FALSE
	EndGlobalSection
	GlobalSection(ExtensibilityGlobals) = postSolution
		SolutionGuid = {45171E2B-DFE3-4927-A1CA-13FB8544E30E}
	EndGlobalSection
EndGlobal
